// !$*UTF8*$!
{
	archiveVersion = 1;
	classes = {
	};
	objectVersion = 50;
	objects = {

/* Begin PBXBuildFile section */
		8C6D721D246E60BA00230125 /* main.cpp in Sources */ = {isa = PBXBuildFile; fileRef = 8C6D721C246E60BA00230125 /* main.cpp */; };
		8C6D7235246E60F500230125 /* libopencv_imgproc.3.4.1.dylib in Frameworks */ = {isa = PBXBuildFile; fileRef = 8C6D7224246E60F500230125 /* libopencv_imgproc.3.4.1.dylib */; };
		8C6D7236246E60F500230125 /* libopencv_photo.3.4.1.dylib in Frameworks */ = {isa = PBXBuildFile; fileRef = 8C6D7225246E60F500230125 /* libopencv_photo.3.4.1.dylib */; };
		8C6D7237246E60F500230125 /* libopencv_superres.3.4.1.dylib in Frameworks */ = {isa = PBXBuildFile; fileRef = 8C6D7226246E60F500230125 /* libopencv_superres.3.4.1.dylib */; };
		8C6D7238246E60F500230125 /* libopencv_imgcodecs.3.4.1.dylib in Frameworks */ = {isa = PBXBuildFile; fileRef = 8C6D7227246E60F500230125 /* libopencv_imgcodecs.3.4.1.dylib */; };
		8C6D7239246E60F500230125 /* libopencv_objdetect.3.4.1.dylib in Frameworks */ = {isa = PBXBuildFile; fileRef = 8C6D7228246E60F500230125 /* libopencv_objdetect.3.4.1.dylib */; };
		8C6D723A246E60F500230125 /* libopencv_features2d.3.4.1.dylib in Frameworks */ = {isa = PBXBuildFile; fileRef = 8C6D7229246E60F500230125 /* libopencv_features2d.3.4.1.dylib */; };
		8C6D723B246E60F500230125 /* libopencv_videoio.3.4.1.dylib in Frameworks */ = {isa = PBXBuildFile; fileRef = 8C6D722A246E60F500230125 /* libopencv_videoio.3.4.1.dylib */; };
		8C6D723C246E60F500230125 /* libopencv_shape.3.4.1.dylib in Frameworks */ = {isa = PBXBuildFile; fileRef = 8C6D722B246E60F500230125 /* libopencv_shape.3.4.1.dylib */; };
		8C6D723D246E60F500230125 /* libopencv_highgui.3.4.1.dylib in Frameworks */ = {isa = PBXBuildFile; fileRef = 8C6D722C246E60F500230125 /* libopencv_highgui.3.4.1.dylib */; };
		8C6D723E246E60F500230125 /* libopencv_videostab.3.4.1.dylib in Frameworks */ = {isa = PBXBuildFile; fileRef = 8C6D722D246E60F500230125 /* libopencv_videostab.3.4.1.dylib */; };
		8C6D723F246E60F500230125 /* libopencv_flann.3.4.1.dylib in Frameworks */ = {isa = PBXBuildFile; fileRef = 8C6D722E246E60F500230125 /* libopencv_flann.3.4.1.dylib */; };
		8C6D7240246E60F500230125 /* libopencv_calib3d.3.4.1.dylib in Frameworks */ = {isa = PBXBuildFile; fileRef = 8C6D722F246E60F500230125 /* libopencv_calib3d.3.4.1.dylib */; };
		8C6D7241246E60F500230125 /* libopencv_video.3.4.1.dylib in Frameworks */ = {isa = PBXBuildFile; fileRef = 8C6D7230246E60F500230125 /* libopencv_video.3.4.1.dylib */; };
		8C6D7242246E60F500230125 /* libopencv_ml.3.4.1.dylib in Frameworks */ = {isa = PBXBuildFile; fileRef = 8C6D7231246E60F500230125 /* libopencv_ml.3.4.1.dylib */; };
		8C6D7243246E60F500230125 /* libopencv_core.3.4.1.dylib in Frameworks */ = {isa = PBXBuildFile; fileRef = 8C6D7232246E60F500230125 /* libopencv_core.3.4.1.dylib */; };
		8C6D7244246E60F500230125 /* libopencv_stitching.3.4.1.dylib in Frameworks */ = {isa = PBXBuildFile; fileRef = 8C6D7233246E60F500230125 /* libopencv_stitching.3.4.1.dylib */; };
		8C6D7245246E60F500230125 /* libopencv_dnn.3.4.1.dylib in Frameworks */ = {isa = PBXBuildFile; fileRef = 8C6D7234246E60F500230125 /* libopencv_dnn.3.4.1.dylib */; };
/* End PBXBuildFile section */

/* Begin PBXCopyFilesBuildPhase section */
		8C6D7217246E60BA00230125 /* CopyFiles */ = {
			isa = PBXCopyFilesBuildPhase;
			buildActionMask = 2147483647;
			dstPath = /usr/share/man/man1/;
			dstSubfolderSpec = 0;
			files = (
			);
			runOnlyForDeploymentPostprocessing = 1;
		};
/* End PBXCopyFilesBuildPhase section */

/* Begin PBXFileReference section */
		8C6D7219246E60BA00230125 /* L11_2_equalizeHist */ = {isa = PBXFileReference; explicitFileType = "compiled.mach-o.executable"; includeInIndex = 0; path = L11_2_equalizeHist; sourceTree = BUILT_PRODUCTS_DIR; };
		8C6D721C246E60BA00230125 /* main.cpp */ = {isa = PBXFileReference; lastKnownFileType = sourcecode.cpp.cpp; path = main.cpp; sourceTree = "<group>"; };
		8C6D7224246E60F500230125 /* libopencv_imgproc.3.4.1.dylib */ = {isa = PBXFileReference; lastKnownFileType = "compiled.mach-o.dylib"; name = libopencv_imgproc.3.4.1.dylib; path = ../../../../../usr/local/lib/libopencv_imgproc.3.4.1.dylib; sourceTree = "<group>"; };
		8C6D7225246E60F500230125 /* libopencv_photo.3.4.1.dylib */ = {isa = PBXFileReference; lastKnownFileType = "compiled.mach-o.dylib"; name = libopencv_photo.3.4.1.dylib; path = ../../../../../usr/local/lib/libopencv_photo.3.4.1.dylib; sourceTree = "<group>"; };
		8C6D7226246E60F500230125 /* libopencv_superres.3.4.1.dylib */ = {isa = PBXFileReference; lastKnownFileType = "compiled.mach-o.dylib"; name = libopencv_superres.3.4.1.dylib; path = ../../../../../usr/local/lib/libopencv_superres.3.4.1.dylib; sourceTree = "<group>"; };
		8C6D7227246E60F500230125 /* libopencv_imgcodecs.3.4.1.dylib */ = {isa = PBXFileReference; lastKnownFileType = "compiled.mach-o.dylib"; name = libopencv_imgcodecs.3.4.1.dylib; path = ../../../../../usr/local/lib/libopencv_imgcodecs.3.4.1.dylib; sourceTree = "<group>"; };
		8C6D7228246E60F500230125 /* libopencv_objdetect.3.4.1.dylib */ = {isa = PBXFileReference; lastKnownFileType = "compiled.mach-o.dylib"; name = libopencv_objdetect.3.4.1.dylib; path = ../../../../../usr/local/lib/libopencv_objdetect.3.4.1.dylib; sourceTree = "<group>"; };
		8C6D7229246E60F500230125 /* libopencv_features2d.3.4.1.dylib */ = {isa = PBXFileReference; lastKnownFileType = "compiled.mach-o.dylib"; name = libopencv_features2d.3.4.1.dylib; path = ../../../../../usr/local/lib/libopencv_features2d.3.4.1.dylib; sourceTree = "<group>"; };
		8C6D722A246E60F500230125 /* libopencv_videoio.3.4.1.dylib */ = {isa = PBXFileReference; lastKnownFileType = "compiled.mach-o.dylib"; name = libopencv_videoio.3.4.1.dylib; path = ../../../../../usr/local/lib/libopencv_videoio.3.4.1.dylib; sourceTree = "<group>"; };
		8C6D722B246E60F500230125 /* libopencv_shape.3.4.1.dylib */ = {isa = PBXFileReference; lastKnownFileType = "compiled.mach-o.dylib"; name = libopencv_shape.3.4.1.dylib; path = ../../../../../usr/local/lib/libopencv_shape.3.4.1.dylib; sourceTree = "<group>"; };
		8C6D722C246E60F500230125 /* libopencv_highgui.3.4.1.dylib */ = {isa = PBXFileReference; lastKnownFileType = "compiled.mach-o.dylib"; name = libopencv_highgui.3.4.1.dylib; path = ../../../../../usr/local/lib/libopencv_highgui.3.4.1.dylib; sourceTree = "<group>"; };
		8C6D722D246E60F500230125 /* libopencv_videostab.3.4.1.dylib */ = {isa = PBXFileReference; lastKnownFileType = "compiled.mach-o.dylib"; name = libopencv_videostab.3.4.1.dylib; path = ../../../../../usr/local/lib/libopencv_videostab.3.4.1.dylib; sourceTree = "<group>"; };
		8C6D722E246E60F500230125 /* libopencv_flann.3.4.1.dylib */ = {isa = PBXFileReference; lastKnownFileType = "compiled.mach-o.dylib"; name = libopencv_flann.3.4.1.dylib; path = ../../../../../usr/local/lib/libopencv_flann.3.4.1.dylib; sourceTree = "<group>"; };
		8C6D722F246E60F500230125 /* libopencv_calib3d.3.4.1.dylib */ = {isa = PBXFileReference; lastKnownFileType = "compiled.mach-o.dylib"; name = libopencv_calib3d.3.4.1.dylib; path = ../../../../../usr/local/lib/libopencv_calib3d.3.4.1.dylib; sourceTree = "<group>"; };
		8C6D7230246E60F500230125 /* libopencv_video.3.4.1.dylib */ = {isa = PBXFileReference; lastKnownFileType = "compiled.mach-o.dylib"; name = libopencv_video.3.4.1.dylib; path = ../../../../../usr/local/lib/libopencv_video.3.4.1.dylib; sourceTree = "<group>"; };
		8C6D7231246E60F500230125 /* libopencv_ml.3.4.1.dylib */ = {isa = PBXFileReference; lastKnownFileType = "compiled.mach-o.dylib"; name = libopencv_ml.3.4.1.dylib; path = ../../../../../usr/local/lib/libopencv_ml.3.4.1.dylib; sourceTree = "<group>"; };
		8C6D7232246E60F500230125 /* libopencv_core.3.4.1.dylib */ = {isa = PBXFileReference; lastKnownFileType = "compiled.mach-o.dylib"; name = libopencv_core.3.4.1.dylib; path = ../../../../../usr/local/lib/libopencv_core.3.4.1.dylib; sourceTree = "<group>"; };
		8C6D7233246E60F500230125 /* libopencv_stitching.3.4.1.dylib */ = {isa = PBXFileReference; lastKnownFileType = "compiled.mach-o.dylib"; name = libopencv_stitching.3.4.1.dylib; path = ../../../../../usr/local/lib/libopencv_stitching.3.4.1.dylib; sourceTree = "<group>"; };
		8C6D7234246E60F500230125 /* libopencv_dnn.3.4.1.dylib */ = {isa = PBXFileReference; lastKnownFileType = "compiled.mach-o.dylib"; name = libopencv_dnn.3.4.1.dylib; path = ../../../../../usr/local/lib/libopencv_dnn.3.4.1.dylib; sourceTree = "<group>"; };
/* End PBXFileReference section */

/* Begin PBXFrameworksBuildPhase section */
		8C6D7216246E60BA00230125 /* Frameworks */ = {
			isa = PBXFrameworksBuildPhase;
			buildActionMask = 2147483647;
			files = (
				8C6D7235246E60F500230125 /* libopencv_imgproc.3.4.1.dylib in Frameworks */,
				8C6D7236246E60F500230125 /* libopencv_photo.3.4.1.dylib in Frameworks */,
				8C6D7237246E60F500230125 /* libopencv_superres.3.4.1.dylib in Frameworks */,
				8C6D7238246E60F500230125 /* libopencv_imgcodecs.3.4.1.dylib in Frameworks */,
				8C6D7239246E60F500230125 /* libopencv_objdetect.3.4.1.dylib in Frameworks */,
				8C6D723A246E60F500230125 /* libopencv_features2d.3.4.1.dylib in Frameworks */,
				8C6D723B246E60F500230125 /* libopencv_videoio.3.4.1.dylib in Frameworks */,
				8C6D723C246E60F500230125 /* libopencv_shape.3.4.1.dylib in Frameworks */,
				8C6D723D246E60F500230125 /* libopencv_highgui.3.4.1.dylib in Frameworks */,
				8C6D723E246E60F500230125 /* libopencv_videostab.3.4.1.dylib in Frameworks */,
				8C6D723F246E60F500230125 /* libopencv_flann.3.4.1.dylib in Frameworks */,
				8C6D7240246E60F500230125 /* libopencv_calib3d.3.4.1.dylib in Frameworks */,
				8C6D7241246E60F500230125 /* libopencv_video.3.4.1.dylib in Frameworks */,
				8C6D7242246E60F500230125 /* libopencv_ml.3.4.1.dylib in Frameworks */,
				8C6D7243246E60F500230125 /* libopencv_core.3.4.1.dylib in Frameworks */,
				8C6D7244246E60F500230125 /* libopencv_stitching.3.4.1.dylib in Frameworks */,
				8C6D7245246E60F500230125 /* libopencv_dnn.3.4.1.dylib in Frameworks */,
			);
			runOnlyForDeploymentPostprocessing = 0;
		};
/* End PBXFrameworksBuildPhase section */

/* Begin PBXGroup section */
		8C6D7210246E60BA00230125 = {
			isa = PBXGroup;
			children = (
				8C6D721B246E60BA00230125 /* L11_2_equalizeHist */,
				8C6D721A246E60BA00230125 /* Products */,
				8C6D7223246E60F500230125 /* Frameworks */,
			);
			sourceTree = "<group>";
		};
		8C6D721A246E60BA00230125 /* Products */ = {
			isa = PBXGroup;
			children = (
				8C6D7219246E60BA00230125 /* L11_2_equalizeHist */,
			);
			name = Products;
			sourceTree = "<group>";
		};
		8C6D721B246E60BA00230125 /* L11_2_equalizeHist */ = {
			isa = PBXGroup;
			children = (
				8C6D721C246E60BA00230125 /* main.cpp */,
			);
			path = L11_2_equalizeHist;
			sourceTree = "<group>";
		};
		8C6D7223246E60F500230125 /* Frameworks */ = {
			isa = PBXGroup;
			children = (
				8C6D722F246E60F500230125 /* libopencv_calib3d.3.4.1.dylib */,
				8C6D7232246E60F500230125 /* libopencv_core.3.4.1.dylib */,
				8C6D7234246E60F500230125 /* libopencv_dnn.3.4.1.dylib */,
				8C6D7229246E60F500230125 /* libopencv_features2d.3.4.1.dylib */,
				8C6D722E246E60F500230125 /* libopencv_flann.3.4.1.dylib */,
				8C6D722C246E60F500230125 /* libopencv_highgui.3.4.1.dylib */,
				8C6D7227246E60F500230125 /* libopencv_imgcodecs.3.4.1.dylib */,
				8C6D7224246E60F500230125 /* libopencv_imgproc.3.4.1.dylib */,
				8C6D7231246E60F500230125 /* libopencv_ml.3.4.1.dylib */,
				8C6D7228246E60F500230125 /* libopencv_objdetect.3.4.1.dylib */,
				8C6D7225246E60F500230125 /* libopencv_photo.3.4.1.dylib */,
				8C6D722B246E60F500230125 /* libopencv_shape.3.4.1.dylib */,
				8C6D7233246E60F500230125 /* libopencv_stitching.3.4.1.dylib */,
				8C6D7226246E60F500230125 /* libopencv_superres.3.4.1.dylib */,
				8C6D7230246E60F500230125 /* libopencv_video.3.4.1.dylib */,
				8C6D722A246E60F500230125 /* libopencv_videoio.3.4.1.dylib */,
				8C6D722D246E60F500230125 /* libopencv_videostab.3.4.1.dylib */,
			);
			name = Frameworks;
			sourceTree = "<group>";
		};
/* End PBXGroup section */

/* Begin PBXNativeTarget section */
		8C6D7218246E60BA00230125 /* L11_2_equalizeHist */ = {
			isa = PBXNativeTarget;
			buildConfigurationList = 8C6D7220246E60BA00230125 /* Build configuration list for PBXNativeTarget "L11_2_equalizeHist" */;
			buildPhases = (
				8C6D7215246E60BA00230125 /* Sources */,
				8C6D7216246E60BA00230125 /* Frameworks */,
				8C6D7217246E60BA00230125 /* CopyFiles */,
			);
			buildRules = (
			);
			dependencies = (
			);
			name = L11_2_equalizeHist;
			productName = L11_2_equalizeHist;
			productReference = 8C6D7219246E60BA00230125 /* L11_2_equalizeHist */;
			productType = "com.apple.product-type.tool";
		};
/* End PBXNativeTarget section */

/* Begin PBXProject section */
		8C6D7211246E60BA00230125 /* Project object */ = {
			isa = PBXProject;
			attributes = {
				LastUpgradeCheck = 1140;
				ORGANIZATIONNAME = "舒子琪";
				TargetAttributes = {
					8C6D7218246E60BA00230125 = {
						CreatedOnToolsVersion = 11.4;
					};
				};
			};
			buildConfigurationList = 8C6D7214246E60BA00230125 /* Build configuration list for PBXProject "L11_2_equalizeHist" */;
			compatibilityVersion = "Xcode 9.3";
			developmentRegion = en;
			hasScannedForEncodings = 0;
			knownRegions = (
				en,
				Base,
			);
			mainGroup = 8C6D7210246E60BA00230125;
			productRefGroup = 8C6D721A246E60BA00230125 /* Products */;
			projectDirPath = "";
			projectRoot = "";
			targets = (
				8C6D7218246E60BA00230125 /* L11_2_equalizeHist */,
			);
		};
/* End PBXProject section */

/* Begin PBXSourcesBuildPhase section */
		8C6D7215246E60BA00230125 /* Sources */ = {
			isa = PBXSourcesBuildPhase;
			buildActionMask = 2147483647;
			files = (
				8C6D721D246E60BA00230125 /* main.cpp in Sources */,
			);
			runOnlyForDeploymentPostprocessing = 0;
		};
/* End PBXSourcesBuildPhase section */

/* Begin XCBuildConfiguration section */
		8C6D721E246E60BA00230125 /* Debug */ = {
			isa = XCBuildConfiguration;
			buildSettings = {
				ALWAYS_SEARCH_USER_PATHS = NO;
				CLANG_ANALYZER_NONNULL = YES;
				CLANG_ANALYZER_NUMBER_OBJECT_CONVERSION = YES_AGGRESSIVE;
				CLANG_CXX_LANGUAGE_STANDARD = "gnu++14";
				CLANG_CXX_LIBRARY = "libc++";
				CLANG_ENABLE_MODULES = YES;
				CLANG_ENABLE_OBJC_ARC = YES;
				CLANG_ENABLE_OBJC_WEAK = YES;
				CLANG_WARN_BLOCK_CAPTURE_AUTORELEASING = YES;
				CLANG_WARN_BOOL_CONVERSION = YES;
				CLANG_WARN_COMMA = YES;
				CLANG_WARN_CONSTANT_CONVERSION = YES;
				CLANG_WARN_DEPRECATED_OBJC_IMPLEMENTATIONS = YES;
				CLANG_WARN_DIRECT_OBJC_ISA_USAGE = YES_ERROR;
				CLANG_WARN_DOCUMENTATION_COMMENTS = YES;
				CLANG_WARN_EMPTY_BODY = YES;
				CLANG_WARN_ENUM_CONVERSION = YES;
				CLANG_WARN_INFINITE_RECURSION = YES;
				CLANG_WARN_INT_CONVERSION = YES;
				CLANG_WARN_NON_LITERAL_NULL_CONVERSION = YES;
				CLANG_WARN_OBJC_IMPLICIT_RETAIN_SELF = YES;
				CLANG_WARN_OBJC_LITERAL_CONVERSION = YES;
				CLANG_WARN_OBJC_ROOT_CLASS = YES_ERROR;
				CLANG_WARN_RANGE_LOOP_ANALYSIS = YES;
				CLANG_WARN_STRICT_PROTOTYPES = YES;
				CLANG_WARN_SUSPICIOUS_MOVE = YES;
				CLANG_WARN_UNGUARDED_AVAILABILITY = YES_AGGRESSIVE;
				CLANG_WARN_UNREACHABLE_CODE = YES;
				CLANG_WARN__DUPLICATE_METHOD_MATCH = YES;
				COPY_PHASE_STRIP = NO;
				DEBUG_INFORMATION_FORMAT = dwarf;
				ENABLE_STRICT_OBJC_MSGSEND = YES;
				ENABLE_TESTABILITY = YES;
				GCC_C_LANGUAGE_STANDARD = gnu11;
				GCC_DYNAMIC_NO_PIC = NO;
				GCC_NO_COMMON_BLOCKS = YES;
				GCC_OPTIMIZATION_LEVEL = 0;
				GCC_PREPROCESSOR_DEFINITIONS = (
					"DEBUG=1",
					"$(inherited)",
				);
				GCC_WARN_64_TO_32_BIT_CONVERSION = YES;
				GCC_WARN_ABOUT_RETURN_TYPE = YES_ERROR;
				GCC_WARN_UNDECLARED_SELECTOR = YES;
				GCC_WARN_UNINITIALIZED_AUTOS = YES_AGGRESSIVE;
				GCC_WARN_UNUSED_FUNCTION = YES;
				GCC_WARN_UNUSED_VARIABLE = YES;
				MACOSX_DEPLOYMENT_TARGET = 10.15;
				MTL_ENABLE_DEBUG_INFO = INCLUDE_SOURCE;
				MTL_FAST_MATH = YES;
				ONLY_ACTIVE_ARCH = YES;
				SDKROOT = macosx;
			};
			name = Debug;
		};
		8C6D721F246E60BA00230125 /* Release */ = {
			isa = XCBuildConfiguration;
			buildSettings = {
				ALWAYS_SEARCH_USER_PATHS = NO;
				CLANG_ANALYZER_NONNULL = YES;
				CLANG_ANALYZER_NUMBER_OBJECT_CONVERSION = YES_AGGRESSIVE;
				CLANG_CXX_LANGUAGE_STANDARD = "gnu++14";
				CLANG_CXX_LIBRARY = "libc++";
				CLANG_ENABLE_MODULES = YES;
				CLANG_ENABLE_OBJC_ARC = YES;
				CLANG_ENABLE_OBJC_WEAK = YES;
				CLANG_WARN_BLOCK_CAPTURE_AUTORELEASING = YES;
				CLANG_WARN_BOOL_CONVERSION = YES;
				CLANG_WARN_COMMA = YES;
				CLANG_WARN_CONSTANT_CONVERSION = YES;
				CLANG_WARN_DEPRECATED_OBJC_IMPLEMENTATIONS = YES;
				CLANG_WARN_DIRECT_OBJC_ISA_USAGE = YES_ERROR;
				CLANG_WARN_DOCUMENTATION_COMMENTS = YES;
				CLANG_WARN_EMPTY_BODY = YES;
				CLANG_WARN_ENUM_CONVERSION = YES;
				CLANG_WARN_INFINITE_RECURSION = YES;
				CLANG_WARN_INT_CONVERSION = YES;
				CLANG_WARN_NON_LITERAL_NULL_CONVERSION = YES;
				CLANG_WARN_OBJC_IMPLICIT_RETAIN_SELF = YES;
				CLANG_WARN_OBJC_LITERAL_CONVERSION = YES;
				CLANG_WARN_OBJC_ROOT_CLASS = YES_ERROR;
				CLANG_WARN_RANGE_LOOP_ANALYSIS = YES;
				CLANG_WARN_STRICT_PROTOTYPES = YES;
				CLANG_WARN_SUSPICIOUS_MOVE = YES;
				CLANG_WARN_UNGUARDED_AVAILABILITY = YES_AGGRESSIVE;
				CLANG_WARN_UNREACHABLE_CODE = YES;
				CLANG_WARN__DUPLICATE_METHOD_MATCH = YES;
				COPY_PHASE_STRIP = NO;
				DEBUG_INFORMATION_FORMAT = "dwarf-with-dsym";
				ENABLE_NS_ASSERTIONS = NO;
				ENABLE_STRICT_OBJC_MSGSEND = YES;
				GCC_C_LANGUAGE_STANDARD = gnu11;
				GCC_NO_COMMON_BLOCKS = YES;
				GCC_WARN_64_TO_32_BIT_CONVERSION = YES;
				GCC_WARN_ABOUT_RETURN_TYPE = YES_ERROR;
				GCC_WARN_UNDECLARED_SELECTOR = YES;
				GCC_WARN_UNINITIALIZED_AUTOS = YES_AGGRESSIVE;
				GCC_WARN_UNUSED_FUNCTION = YES;
				GCC_WARN_UNUSED_VARIABLE = YES;
				MACOSX_DEPLOYMENT_TARGET = 10.15;
				MTL_ENABLE_DEBUG_INFO = NO;
				MTL_FAST_MATH = YES;
				SDKROOT = macosx;
			};
			name = Release;
		};
		8C6D7221246E60BA00230125 /* Debug */ = {
			isa = XCBuildConfiguration;
			buildSettings = {
				CODE_SIGN_STYLE = Automatic;
				HEADER_SEARCH_PATHS = /usr/local/include;
				LIBRARY_SEARCH_PATHS = /usr/local/lib;
				PRODUCT_NAME = "$(TARGET_NAME)";
			};
			name = Debug;
		};
		8C6D7222246E60BA00230125 /* Release */ = {
			isa = XCBuildConfiguration;
			buildSettings = {
				CODE_SIGN_STYLE = Automatic;
				HEADER_SEARCH_PATHS = /usr/local/include;
				LIBRARY_SEARCH_PATHS = /usr/local/lib;
				PRODUCT_NAME = "$(TARGET_NAME)";
			};
			name = Release;
		};
/* End XCBuildConfiguration section */

/* Begin XCConfigurationList section */
		8C6D7214246E60BA00230125 /* Build configuration list for PBXProject "L11_2_equalizeHist" */ = {
			isa = XCConfigurationList;
			buildConfigurations = (
				8C6D721E246E60BA00230125 /* Debug */,
				8C6D721F246E60BA00230125 /* Release */,
			);
			defaultConfigurationIsVisible = 0;
			defaultConfigurationName = Release;
		};
		8C6D7220246E60BA00230125 /* Build configuration list for PBXNativeTarget "L11_2_equalizeHist" */ = {
			isa = XCConfigurationList;
			buildConfigurations = (
				8C6D7221246E60BA00230125 /* Debug */,
				8C6D7222246E60BA00230125 /* Release */,
			);
			defaultConfigurationIsVisible = 0;
			defaultConfigurationName = Release;
		};
/* End XCConfigurationList section */
	};
	rootObject = 8C6D7211246E60BA00230125 /* Project object */;
}
