// !$*UTF8*$!
{
	archiveVersion = 1;
	classes = {
	};
	objectVersion = 50;
	objects = {

/* Begin PBXBuildFile section */
		8C9E33F62408F02F00EEE250 /* main.cpp in Sources */ = {isa = PBXBuildFile; fileRef = 8C9E33F52408F02F00EEE250 /* main.cpp */; };
		8C9E340E2408F08400EEE250 /* libopencv_core.3.4.1.dylib in Frameworks */ = {isa = PBXBuildFile; fileRef = 8C9E33FD2408F08400EEE250 /* libopencv_core.3.4.1.dylib */; };
		8C9E340F2408F08400EEE250 /* libopencv_features2d.3.4.1.dylib in Frameworks */ = {isa = PBXBuildFile; fileRef = 8C9E33FE2408F08400EEE250 /* libopencv_features2d.3.4.1.dylib */; };
		8C9E34102408F08400EEE250 /* libopencv_imgproc.3.4.1.dylib in Frameworks */ = {isa = PBXBuildFile; fileRef = 8C9E33FF2408F08400EEE250 /* libopencv_imgproc.3.4.1.dylib */; };
		8C9E34112408F08400EEE250 /* libopencv_videoio.3.4.1.dylib in Frameworks */ = {isa = PBXBuildFile; fileRef = 8C9E34002408F08400EEE250 /* libopencv_videoio.3.4.1.dylib */; };
		8C9E34122408F08400EEE250 /* libopencv_superres.3.4.1.dylib in Frameworks */ = {isa = PBXBuildFile; fileRef = 8C9E34012408F08400EEE250 /* libopencv_superres.3.4.1.dylib */; };
		8C9E34132408F08400EEE250 /* libopencv_calib3d.3.4.1.dylib in Frameworks */ = {isa = PBXBuildFile; fileRef = 8C9E34022408F08400EEE250 /* libopencv_calib3d.3.4.1.dylib */; };
		8C9E34142408F08400EEE250 /* libopencv_shape.3.4.1.dylib in Frameworks */ = {isa = PBXBuildFile; fileRef = 8C9E34032408F08400EEE250 /* libopencv_shape.3.4.1.dylib */; };
		8C9E34152408F08400EEE250 /* libopencv_videostab.3.4.1.dylib in Frameworks */ = {isa = PBXBuildFile; fileRef = 8C9E34042408F08400EEE250 /* libopencv_videostab.3.4.1.dylib */; };
		8C9E34162408F08400EEE250 /* libopencv_stitching.3.4.1.dylib in Frameworks */ = {isa = PBXBuildFile; fileRef = 8C9E34052408F08400EEE250 /* libopencv_stitching.3.4.1.dylib */; };
		8C9E34172408F08400EEE250 /* libopencv_ml.3.4.1.dylib in Frameworks */ = {isa = PBXBuildFile; fileRef = 8C9E34062408F08400EEE250 /* libopencv_ml.3.4.1.dylib */; };
		8C9E34182408F08400EEE250 /* libopencv_photo.3.4.1.dylib in Frameworks */ = {isa = PBXBuildFile; fileRef = 8C9E34072408F08400EEE250 /* libopencv_photo.3.4.1.dylib */; };
		8C9E34192408F08400EEE250 /* libopencv_dnn.3.4.1.dylib in Frameworks */ = {isa = PBXBuildFile; fileRef = 8C9E34082408F08400EEE250 /* libopencv_dnn.3.4.1.dylib */; };
		8C9E341A2408F08400EEE250 /* libopencv_flann.3.4.1.dylib in Frameworks */ = {isa = PBXBuildFile; fileRef = 8C9E34092408F08400EEE250 /* libopencv_flann.3.4.1.dylib */; };
		8C9E341B2408F08400EEE250 /* libopencv_highgui.3.4.1.dylib in Frameworks */ = {isa = PBXBuildFile; fileRef = 8C9E340A2408F08400EEE250 /* libopencv_highgui.3.4.1.dylib */; };
		8C9E341C2408F08400EEE250 /* libopencv_objdetect.3.4.1.dylib in Frameworks */ = {isa = PBXBuildFile; fileRef = 8C9E340B2408F08400EEE250 /* libopencv_objdetect.3.4.1.dylib */; };
		8C9E341D2408F08400EEE250 /* libopencv_imgcodecs.3.4.1.dylib in Frameworks */ = {isa = PBXBuildFile; fileRef = 8C9E340C2408F08400EEE250 /* libopencv_imgcodecs.3.4.1.dylib */; };
		8C9E341E2408F08400EEE250 /* libopencv_video.3.4.1.dylib in Frameworks */ = {isa = PBXBuildFile; fileRef = 8C9E340D2408F08400EEE250 /* libopencv_video.3.4.1.dylib */; };
/* End PBXBuildFile section */

/* Begin PBXCopyFilesBuildPhase section */
		8C9E33F02408F02F00EEE250 /* CopyFiles */ = {
			isa = PBXCopyFilesBuildPhase;
			buildActionMask = 2147483647;
			dstPath = /usr/share/man/man1/;
			dstSubfolderSpec = 0;
			files = (
			);
			runOnlyForDeploymentPostprocessing = 1;
		};
/* End PBXCopyFilesBuildPhase section */

/* Begin PBXFileReference section */
		8C9E33F22408F02F00EEE250 /* L1_3_uchar */ = {isa = PBXFileReference; explicitFileType = "compiled.mach-o.executable"; includeInIndex = 0; path = L1_3_uchar; sourceTree = BUILT_PRODUCTS_DIR; };
		8C9E33F52408F02F00EEE250 /* main.cpp */ = {isa = PBXFileReference; lastKnownFileType = sourcecode.cpp.cpp; path = main.cpp; sourceTree = "<group>"; };
		8C9E33FD2408F08400EEE250 /* libopencv_core.3.4.1.dylib */ = {isa = PBXFileReference; lastKnownFileType = "compiled.mach-o.dylib"; name = libopencv_core.3.4.1.dylib; path = ../../../../../usr/local/lib/libopencv_core.3.4.1.dylib; sourceTree = "<group>"; };
		8C9E33FE2408F08400EEE250 /* libopencv_features2d.3.4.1.dylib */ = {isa = PBXFileReference; lastKnownFileType = "compiled.mach-o.dylib"; name = libopencv_features2d.3.4.1.dylib; path = ../../../../../usr/local/lib/libopencv_features2d.3.4.1.dylib; sourceTree = "<group>"; };
		8C9E33FF2408F08400EEE250 /* libopencv_imgproc.3.4.1.dylib */ = {isa = PBXFileReference; lastKnownFileType = "compiled.mach-o.dylib"; name = libopencv_imgproc.3.4.1.dylib; path = ../../../../../usr/local/lib/libopencv_imgproc.3.4.1.dylib; sourceTree = "<group>"; };
		8C9E34002408F08400EEE250 /* libopencv_videoio.3.4.1.dylib */ = {isa = PBXFileReference; lastKnownFileType = "compiled.mach-o.dylib"; name = libopencv_videoio.3.4.1.dylib; path = ../../../../../usr/local/lib/libopencv_videoio.3.4.1.dylib; sourceTree = "<group>"; };
		8C9E34012408F08400EEE250 /* libopencv_superres.3.4.1.dylib */ = {isa = PBXFileReference; lastKnownFileType = "compiled.mach-o.dylib"; name = libopencv_superres.3.4.1.dylib; path = ../../../../../usr/local/lib/libopencv_superres.3.4.1.dylib; sourceTree = "<group>"; };
		8C9E34022408F08400EEE250 /* libopencv_calib3d.3.4.1.dylib */ = {isa = PBXFileReference; lastKnownFileType = "compiled.mach-o.dylib"; name = libopencv_calib3d.3.4.1.dylib; path = ../../../../../usr/local/lib/libopencv_calib3d.3.4.1.dylib; sourceTree = "<group>"; };
		8C9E34032408F08400EEE250 /* libopencv_shape.3.4.1.dylib */ = {isa = PBXFileReference; lastKnownFileType = "compiled.mach-o.dylib"; name = libopencv_shape.3.4.1.dylib; path = ../../../../../usr/local/lib/libopencv_shape.3.4.1.dylib; sourceTree = "<group>"; };
		8C9E34042408F08400EEE250 /* libopencv_videostab.3.4.1.dylib */ = {isa = PBXFileReference; lastKnownFileType = "compiled.mach-o.dylib"; name = libopencv_videostab.3.4.1.dylib; path = ../../../../../usr/local/lib/libopencv_videostab.3.4.1.dylib; sourceTree = "<group>"; };
		8C9E34052408F08400EEE250 /* libopencv_stitching.3.4.1.dylib */ = {isa = PBXFileReference; lastKnownFileType = "compiled.mach-o.dylib"; name = libopencv_stitching.3.4.1.dylib; path = ../../../../../usr/local/lib/libopencv_stitching.3.4.1.dylib; sourceTree = "<group>"; };
		8C9E34062408F08400EEE250 /* libopencv_ml.3.4.1.dylib */ = {isa = PBXFileReference; lastKnownFileType = "compiled.mach-o.dylib"; name = libopencv_ml.3.4.1.dylib; path = ../../../../../usr/local/lib/libopencv_ml.3.4.1.dylib; sourceTree = "<group>"; };
		8C9E34072408F08400EEE250 /* libopencv_photo.3.4.1.dylib */ = {isa = PBXFileReference; lastKnownFileType = "compiled.mach-o.dylib"; name = libopencv_photo.3.4.1.dylib; path = ../../../../../usr/local/lib/libopencv_photo.3.4.1.dylib; sourceTree = "<group>"; };
		8C9E34082408F08400EEE250 /* libopencv_dnn.3.4.1.dylib */ = {isa = PBXFileReference; lastKnownFileType = "compiled.mach-o.dylib"; name = libopencv_dnn.3.4.1.dylib; path = ../../../../../usr/local/lib/libopencv_dnn.3.4.1.dylib; sourceTree = "<group>"; };
		8C9E34092408F08400EEE250 /* libopencv_flann.3.4.1.dylib */ = {isa = PBXFileReference; lastKnownFileType = "compiled.mach-o.dylib"; name = libopencv_flann.3.4.1.dylib; path = ../../../../../usr/local/lib/libopencv_flann.3.4.1.dylib; sourceTree = "<group>"; };
		8C9E340A2408F08400EEE250 /* libopencv_highgui.3.4.1.dylib */ = {isa = PBXFileReference; lastKnownFileType = "compiled.mach-o.dylib"; name = libopencv_highgui.3.4.1.dylib; path = ../../../../../usr/local/lib/libopencv_highgui.3.4.1.dylib; sourceTree = "<group>"; };
		8C9E340B2408F08400EEE250 /* libopencv_objdetect.3.4.1.dylib */ = {isa = PBXFileReference; lastKnownFileType = "compiled.mach-o.dylib"; name = libopencv_objdetect.3.4.1.dylib; path = ../../../../../usr/local/lib/libopencv_objdetect.3.4.1.dylib; sourceTree = "<group>"; };
		8C9E340C2408F08400EEE250 /* libopencv_imgcodecs.3.4.1.dylib */ = {isa = PBXFileReference; lastKnownFileType = "compiled.mach-o.dylib"; name = libopencv_imgcodecs.3.4.1.dylib; path = ../../../../../usr/local/lib/libopencv_imgcodecs.3.4.1.dylib; sourceTree = "<group>"; };
		8C9E340D2408F08400EEE250 /* libopencv_video.3.4.1.dylib */ = {isa = PBXFileReference; lastKnownFileType = "compiled.mach-o.dylib"; name = libopencv_video.3.4.1.dylib; path = ../../../../../usr/local/lib/libopencv_video.3.4.1.dylib; sourceTree = "<group>"; };
/* End PBXFileReference section */

/* Begin PBXFrameworksBuildPhase section */
		8C9E33EF2408F02F00EEE250 /* Frameworks */ = {
			isa = PBXFrameworksBuildPhase;
			buildActionMask = 2147483647;
			files = (
				8C9E340E2408F08400EEE250 /* libopencv_core.3.4.1.dylib in Frameworks */,
				8C9E340F2408F08400EEE250 /* libopencv_features2d.3.4.1.dylib in Frameworks */,
				8C9E34102408F08400EEE250 /* libopencv_imgproc.3.4.1.dylib in Frameworks */,
				8C9E34112408F08400EEE250 /* libopencv_videoio.3.4.1.dylib in Frameworks */,
				8C9E34122408F08400EEE250 /* libopencv_superres.3.4.1.dylib in Frameworks */,
				8C9E34132408F08400EEE250 /* libopencv_calib3d.3.4.1.dylib in Frameworks */,
				8C9E34142408F08400EEE250 /* libopencv_shape.3.4.1.dylib in Frameworks */,
				8C9E34152408F08400EEE250 /* libopencv_videostab.3.4.1.dylib in Frameworks */,
				8C9E34162408F08400EEE250 /* libopencv_stitching.3.4.1.dylib in Frameworks */,
				8C9E34172408F08400EEE250 /* libopencv_ml.3.4.1.dylib in Frameworks */,
				8C9E34182408F08400EEE250 /* libopencv_photo.3.4.1.dylib in Frameworks */,
				8C9E34192408F08400EEE250 /* libopencv_dnn.3.4.1.dylib in Frameworks */,
				8C9E341A2408F08400EEE250 /* libopencv_flann.3.4.1.dylib in Frameworks */,
				8C9E341B2408F08400EEE250 /* libopencv_highgui.3.4.1.dylib in Frameworks */,
				8C9E341C2408F08400EEE250 /* libopencv_objdetect.3.4.1.dylib in Frameworks */,
				8C9E341D2408F08400EEE250 /* libopencv_imgcodecs.3.4.1.dylib in Frameworks */,
				8C9E341E2408F08400EEE250 /* libopencv_video.3.4.1.dylib in Frameworks */,
			);
			runOnlyForDeploymentPostprocessing = 0;
		};
/* End PBXFrameworksBuildPhase section */

/* Begin PBXGroup section */
		8C9E33E92408F02F00EEE250 = {
			isa = PBXGroup;
			children = (
				8C9E33F42408F02F00EEE250 /* L1_3_uchar */,
				8C9E33F32408F02F00EEE250 /* Products */,
				8C9E33FC2408F08300EEE250 /* Frameworks */,
			);
			sourceTree = "<group>";
		};
		8C9E33F32408F02F00EEE250 /* Products */ = {
			isa = PBXGroup;
			children = (
				8C9E33F22408F02F00EEE250 /* L1_3_uchar */,
			);
			name = Products;
			sourceTree = "<group>";
		};
		8C9E33F42408F02F00EEE250 /* L1_3_uchar */ = {
			isa = PBXGroup;
			children = (
				8C9E33F52408F02F00EEE250 /* main.cpp */,
			);
			path = L1_3_uchar;
			sourceTree = "<group>";
		};
		8C9E33FC2408F08300EEE250 /* Frameworks */ = {
			isa = PBXGroup;
			children = (
				8C9E34022408F08400EEE250 /* libopencv_calib3d.3.4.1.dylib */,
				8C9E33FD2408F08400EEE250 /* libopencv_core.3.4.1.dylib */,
				8C9E34082408F08400EEE250 /* libopencv_dnn.3.4.1.dylib */,
				8C9E33FE2408F08400EEE250 /* libopencv_features2d.3.4.1.dylib */,
				8C9E34092408F08400EEE250 /* libopencv_flann.3.4.1.dylib */,
				8C9E340A2408F08400EEE250 /* libopencv_highgui.3.4.1.dylib */,
				8C9E340C2408F08400EEE250 /* libopencv_imgcodecs.3.4.1.dylib */,
				8C9E33FF2408F08400EEE250 /* libopencv_imgproc.3.4.1.dylib */,
				8C9E34062408F08400EEE250 /* libopencv_ml.3.4.1.dylib */,
				8C9E340B2408F08400EEE250 /* libopencv_objdetect.3.4.1.dylib */,
				8C9E34072408F08400EEE250 /* libopencv_photo.3.4.1.dylib */,
				8C9E34032408F08400EEE250 /* libopencv_shape.3.4.1.dylib */,
				8C9E34052408F08400EEE250 /* libopencv_stitching.3.4.1.dylib */,
				8C9E34012408F08400EEE250 /* libopencv_superres.3.4.1.dylib */,
				8C9E340D2408F08400EEE250 /* libopencv_video.3.4.1.dylib */,
				8C9E34002408F08400EEE250 /* libopencv_videoio.3.4.1.dylib */,
				8C9E34042408F08400EEE250 /* libopencv_videostab.3.4.1.dylib */,
			);
			name = Frameworks;
			sourceTree = "<group>";
		};
/* End PBXGroup section */

/* Begin PBXNativeTarget section */
		8C9E33F12408F02F00EEE250 /* L1_3_uchar */ = {
			isa = PBXNativeTarget;
			buildConfigurationList = 8C9E33F92408F02F00EEE250 /* Build configuration list for PBXNativeTarget "L1_3_uchar" */;
			buildPhases = (
				8C9E33EE2408F02F00EEE250 /* Sources */,
				8C9E33EF2408F02F00EEE250 /* Frameworks */,
				8C9E33F02408F02F00EEE250 /* CopyFiles */,
			);
			buildRules = (
			);
			dependencies = (
			);
			name = L1_3_uchar;
			productName = L1_3_uchar;
			productReference = 8C9E33F22408F02F00EEE250 /* L1_3_uchar */;
			productType = "com.apple.product-type.tool";
		};
/* End PBXNativeTarget section */

/* Begin PBXProject section */
		8C9E33EA2408F02F00EEE250 /* Project object */ = {
			isa = PBXProject;
			attributes = {
				LastUpgradeCheck = 1030;
				ORGANIZATIONNAME = "舒子琪";
				TargetAttributes = {
					8C9E33F12408F02F00EEE250 = {
						CreatedOnToolsVersion = 10.3;
					};
				};
			};
			buildConfigurationList = 8C9E33ED2408F02F00EEE250 /* Build configuration list for PBXProject "L1_3_uchar" */;
			compatibilityVersion = "Xcode 9.3";
			developmentRegion = en;
			hasScannedForEncodings = 0;
			knownRegions = (
				en,
			);
			mainGroup = 8C9E33E92408F02F00EEE250;
			productRefGroup = 8C9E33F32408F02F00EEE250 /* Products */;
			projectDirPath = "";
			projectRoot = "";
			targets = (
				8C9E33F12408F02F00EEE250 /* L1_3_uchar */,
			);
		};
/* End PBXProject section */

/* Begin PBXSourcesBuildPhase section */
		8C9E33EE2408F02F00EEE250 /* Sources */ = {
			isa = PBXSourcesBuildPhase;
			buildActionMask = 2147483647;
			files = (
				8C9E33F62408F02F00EEE250 /* main.cpp in Sources */,
			);
			runOnlyForDeploymentPostprocessing = 0;
		};
/* End PBXSourcesBuildPhase section */

/* Begin XCBuildConfiguration section */
		8C9E33F72408F02F00EEE250 /* Debug */ = {
			isa = XCBuildConfiguration;
			buildSettings = {
				ALWAYS_SEARCH_USER_PATHS = NO;
				CLANG_ANALYZER_NONNULL = YES;
				CLANG_ANALYZER_NUMBER_OBJECT_CONVERSION = YES_AGGRESSIVE;
				CLANG_CXX_LANGUAGE_STANDARD = "gnu++14";
				CLANG_CXX_LIBRARY = "libc++";
				CLANG_ENABLE_MODULES = YES;
				CLANG_ENABLE_OBJC_ARC = YES;
				CLANG_ENABLE_OBJC_WEAK = YES;
				CLANG_WARN_BLOCK_CAPTURE_AUTORELEASING = YES;
				CLANG_WARN_BOOL_CONVERSION = YES;
				CLANG_WARN_COMMA = YES;
				CLANG_WARN_CONSTANT_CONVERSION = YES;
				CLANG_WARN_DEPRECATED_OBJC_IMPLEMENTATIONS = YES;
				CLANG_WARN_DIRECT_OBJC_ISA_USAGE = YES_ERROR;
				CLANG_WARN_DOCUMENTATION_COMMENTS = YES;
				CLANG_WARN_EMPTY_BODY = YES;
				CLANG_WARN_ENUM_CONVERSION = YES;
				CLANG_WARN_INFINITE_RECURSION = YES;
				CLANG_WARN_INT_CONVERSION = YES;
				CLANG_WARN_NON_LITERAL_NULL_CONVERSION = YES;
				CLANG_WARN_OBJC_IMPLICIT_RETAIN_SELF = YES;
				CLANG_WARN_OBJC_LITERAL_CONVERSION = YES;
				CLANG_WARN_OBJC_ROOT_CLASS = YES_ERROR;
				CLANG_WARN_RANGE_LOOP_ANALYSIS = YES;
				CLANG_WARN_STRICT_PROTOTYPES = YES;
				CLANG_WARN_SUSPICIOUS_MOVE = YES;
				CLANG_WARN_UNGUARDED_AVAILABILITY = YES_AGGRESSIVE;
				CLANG_WARN_UNREACHABLE_CODE = YES;
				CLANG_WARN__DUPLICATE_METHOD_MATCH = YES;
				CODE_SIGN_IDENTITY = "-";
				COPY_PHASE_STRIP = NO;
				DEBUG_INFORMATION_FORMAT = dwarf;
				ENABLE_STRICT_OBJC_MSGSEND = YES;
				ENABLE_TESTABILITY = YES;
				GCC_C_LANGUAGE_STANDARD = gnu11;
				GCC_DYNAMIC_NO_PIC = NO;
				GCC_NO_COMMON_BLOCKS = YES;
				GCC_OPTIMIZATION_LEVEL = 0;
				GCC_PREPROCESSOR_DEFINITIONS = (
					"DEBUG=1",
					"$(inherited)",
				);
				GCC_WARN_64_TO_32_BIT_CONVERSION = YES;
				GCC_WARN_ABOUT_RETURN_TYPE = YES_ERROR;
				GCC_WARN_UNDECLARED_SELECTOR = YES;
				GCC_WARN_UNINITIALIZED_AUTOS = YES_AGGRESSIVE;
				GCC_WARN_UNUSED_FUNCTION = YES;
				GCC_WARN_UNUSED_VARIABLE = YES;
				MACOSX_DEPLOYMENT_TARGET = 10.14;
				MTL_ENABLE_DEBUG_INFO = INCLUDE_SOURCE;
				MTL_FAST_MATH = YES;
				ONLY_ACTIVE_ARCH = YES;
				SDKROOT = macosx;
			};
			name = Debug;
		};
		8C9E33F82408F02F00EEE250 /* Release */ = {
			isa = XCBuildConfiguration;
			buildSettings = {
				ALWAYS_SEARCH_USER_PATHS = NO;
				CLANG_ANALYZER_NONNULL = YES;
				CLANG_ANALYZER_NUMBER_OBJECT_CONVERSION = YES_AGGRESSIVE;
				CLANG_CXX_LANGUAGE_STANDARD = "gnu++14";
				CLANG_CXX_LIBRARY = "libc++";
				CLANG_ENABLE_MODULES = YES;
				CLANG_ENABLE_OBJC_ARC = YES;
				CLANG_ENABLE_OBJC_WEAK = YES;
				CLANG_WARN_BLOCK_CAPTURE_AUTORELEASING = YES;
				CLANG_WARN_BOOL_CONVERSION = YES;
				CLANG_WARN_COMMA = YES;
				CLANG_WARN_CONSTANT_CONVERSION = YES;
				CLANG_WARN_DEPRECATED_OBJC_IMPLEMENTATIONS = YES;
				CLANG_WARN_DIRECT_OBJC_ISA_USAGE = YES_ERROR;
				CLANG_WARN_DOCUMENTATION_COMMENTS = YES;
				CLANG_WARN_EMPTY_BODY = YES;
				CLANG_WARN_ENUM_CONVERSION = YES;
				CLANG_WARN_INFINITE_RECURSION = YES;
				CLANG_WARN_INT_CONVERSION = YES;
				CLANG_WARN_NON_LITERAL_NULL_CONVERSION = YES;
				CLANG_WARN_OBJC_IMPLICIT_RETAIN_SELF = YES;
				CLANG_WARN_OBJC_LITERAL_CONVERSION = YES;
				CLANG_WARN_OBJC_ROOT_CLASS = YES_ERROR;
				CLANG_WARN_RANGE_LOOP_ANALYSIS = YES;
				CLANG_WARN_STRICT_PROTOTYPES = YES;
				CLANG_WARN_SUSPICIOUS_MOVE = YES;
				CLANG_WARN_UNGUARDED_AVAILABILITY = YES_AGGRESSIVE;
				CLANG_WARN_UNREACHABLE_CODE = YES;
				CLANG_WARN__DUPLICATE_METHOD_MATCH = YES;
				CODE_SIGN_IDENTITY = "-";
				COPY_PHASE_STRIP = NO;
				DEBUG_INFORMATION_FORMAT = "dwarf-with-dsym";
				ENABLE_NS_ASSERTIONS = NO;
				ENABLE_STRICT_OBJC_MSGSEND = YES;
				GCC_C_LANGUAGE_STANDARD = gnu11;
				GCC_NO_COMMON_BLOCKS = YES;
				GCC_WARN_64_TO_32_BIT_CONVERSION = YES;
				GCC_WARN_ABOUT_RETURN_TYPE = YES_ERROR;
				GCC_WARN_UNDECLARED_SELECTOR = YES;
				GCC_WARN_UNINITIALIZED_AUTOS = YES_AGGRESSIVE;
				GCC_WARN_UNUSED_FUNCTION = YES;
				GCC_WARN_UNUSED_VARIABLE = YES;
				MACOSX_DEPLOYMENT_TARGET = 10.14;
				MTL_ENABLE_DEBUG_INFO = NO;
				MTL_FAST_MATH = YES;
				SDKROOT = macosx;
			};
			name = Release;
		};
		8C9E33FA2408F02F00EEE250 /* Debug */ = {
			isa = XCBuildConfiguration;
			buildSettings = {
				CODE_SIGN_STYLE = Automatic;
				HEADER_SEARCH_PATHS = /usr/local/include;
				LIBRARY_SEARCH_PATHS = /usr/local/lib;
				PRODUCT_NAME = "$(TARGET_NAME)";
			};
			name = Debug;
		};
		8C9E33FB2408F02F00EEE250 /* Release */ = {
			isa = XCBuildConfiguration;
			buildSettings = {
				CODE_SIGN_STYLE = Automatic;
				HEADER_SEARCH_PATHS = /usr/local/include;
				LIBRARY_SEARCH_PATHS = /usr/local/lib;
				PRODUCT_NAME = "$(TARGET_NAME)";
			};
			name = Release;
		};
/* End XCBuildConfiguration section */

/* Begin XCConfigurationList section */
		8C9E33ED2408F02F00EEE250 /* Build configuration list for PBXProject "L1_3_uchar" */ = {
			isa = XCConfigurationList;
			buildConfigurations = (
				8C9E33F72408F02F00EEE250 /* Debug */,
				8C9E33F82408F02F00EEE250 /* Release */,
			);
			defaultConfigurationIsVisible = 0;
			defaultConfigurationName = Release;
		};
		8C9E33F92408F02F00EEE250 /* Build configuration list for PBXNativeTarget "L1_3_uchar" */ = {
			isa = XCConfigurationList;
			buildConfigurations = (
				8C9E33FA2408F02F00EEE250 /* Debug */,
				8C9E33FB2408F02F00EEE250 /* Release */,
			);
			defaultConfigurationIsVisible = 0;
			defaultConfigurationName = Release;
		};
/* End XCConfigurationList section */
	};
	rootObject = 8C9E33EA2408F02F00EEE250 /* Project object */;
}
